
Microsoft Visual Studio Solution File, Format Version 12.00
# Visual Studio Version 17
VisualStudioVersion = 17.5.33424.131
MinimumVisualStudioVersion = 10.0.40219.1
Project("{FAE04EC0-301F-11D3-BF4B-00C04F79EFBC}") = "UI", "UI\UI.csproj", "{0245D571-155F-4753-926A-88D185A6D8CC}"
EndProject
Project("{FAE04EC0-301F-11D3-BF4B-00C04F79EFBC}") = "Database", "Database\Database.csproj", "{FCB055F6-1AA0-4A07-A398-F9599568437B}"
EndProject
Project("{FAE04EC0-301F-11D3-BF4B-00C04F79EFBC}") = "Busines", "Busines\Busines.csproj", "{5A7308D5-B202-42D8-8DF9-0EFF084484B5}"
EndProject
Global
	GlobalSection(SolutionConfigurationPlatforms) = preSolution
		Debug|Any CPU = Debug|Any CPU
		Release|Any CPU = Release|Any CPU
	EndGlobalSection
	GlobalSection(ProjectConfigurationPlatforms) = postSolution
		{0245D571-155F-4753-926A-88D185A6D8CC}.Debug|Any CPU.ActiveCfg = Debug|Any CPU
		{0245D571-155F-4753-926A-88D185A6D8CC}.Debug|Any CPU.Build.0 = Debug|Any CPU
		{0245D571-155F-4753-926A-88D185A6D8CC}.Release|Any CPU.ActiveCfg = Release|Any CPU
		{0245D571-155F-4753-926A-88D185A6D8CC}.Release|Any CPU.Build.0 = Release|Any CPU
		{FCB055F6-1AA0-4A07-A398-F9599568437B}.Debug|Any CPU.ActiveCfg = Debug|Any CPU
		{FCB055F6-1AA0-4A07-A398-F9599568437B}.Debug|Any CPU.Build.0 = Debug|Any CPU
		{FCB055F6-1AA0-4A07-A398-F9599568437B}.Release|Any CPU.ActiveCfg = Release|Any CPU
		{FCB055F6-1AA0-4A07-A398-F9599568437B}.Release|Any CPU.Build.0 = Release|Any CPU
		{5A7308D5-B202-42D8-8DF9-0EFF084484B5}.Debug|Any CPU.ActiveCfg = Debug|Any CPU
		{5A7308D5-B202-42D8-8DF9-0EFF084484B5}.Debug|Any CPU.Build.0 = Debug|Any CPU
		{5A7308D5-B202-42D8-8DF9-0EFF084484B5}.Release|Any CPU.ActiveCfg = Release|Any CPU
		{5A7308D5-B202-42D8-8DF9-0EFF084484B5}.Release|Any CPU.Build.0 = Release|Any CPU
	EndGlobalSection
	GlobalSection(SolutionProperties) = preSolution
		HideSolutionNode = FALSE
	EndGlobalSection
	GlobalSection(ExtensibilityGlobals) = postSolution
		SolutionGuid = {30839FAD-EE84-49B8-B993-A026A124FA54}
	EndGlobalSection
EndGlobal
